
Microsoft Visual Studio Solution File, Format Version 12.00
# Visual Studio Version 16
VisualStudioVersion = 16.0.29806.167
MinimumVisualStudioVersion = 10.0.40219.1
Project("{FAE04EC0-301F-11D3-BF4B-00C04F79EFBC}") = "DBTest", "DBTest\DBTest.csproj", "{CFC0D6AA-4CD4-4695-9616-6F070E3727B4}"
EndProject
Global
	GlobalSection(SolutionConfigurationPlatforms) = preSolution
		Debug|Any CPU = Debug|Any CPU
		Release|Any CPU = Release|Any CPU
	EndGlobalSection
	GlobalSection(ProjectConfigurationPlatforms) = postSolution
		{CFC0D6AA-4CD4-4695-9616-6F070E3727B4}.Debug|Any CPU.ActiveCfg = Debug|Any CPU
		{CFC0D6AA-4CD4-4695-9616-6F070E3727B4}.Debug|Any CPU.Build.0 = Debug|Any CPU
		{CFC0D6AA-4CD4-4695-9616-6F070E3727B4}.Release|Any CPU.ActiveCfg = Release|Any CPU
		{CFC0D6AA-4CD4-4695-9616-6F070E3727B4}.Release|Any CPU.Build.0 = Release|Any CPU
	EndGlobalSection
	GlobalSection(SolutionProperties) = preSolution
		HideSolutionNode = FALSE
	EndGlobalSection
	GlobalSection(ExtensibilityGlobals) = postSolution
		SolutionGuid = {7B4592CE-CF8B-452A-9FB8-6C90DFBF160D}
	EndGlobalSection
EndGlobal
